
Microsoft Visual Studio Solution File, Format Version 12.00
# Visual Studio 15
VisualStudioVersion = 15.0.27130.2010
MinimumVisualStudioVersion = 10.0.40219.1
Project("{FAE04EC0-301F-11D3-BF4B-00C04F79EFBC}") = "Jacobs.Api", "Jacobs.Api\Jacobs.Api.csproj", "{71C83350-1D94-4244-A640-17D11964B0D7}"
EndProject
Global
	GlobalSection(SolutionConfigurationPlatforms) = preSolution
		Debug|Any CPU = Debug|Any CPU
		Release|Any CPU = Release|Any CPU
	EndGlobalSection
	GlobalSection(ProjectConfigurationPlatforms) = postSolution
		{71C83350-1D94-4244-A640-17D11964B0D7}.Debug|Any CPU.ActiveCfg = Debug|Any CPU
		{71C83350-1D94-4244-A640-17D11964B0D7}.Debug|Any CPU.Build.0 = Debug|Any CPU
		{71C83350-1D94-4244-A640-17D11964B0D7}.Release|Any CPU.ActiveCfg = Release|Any CPU
		{71C83350-1D94-4244-A640-17D11964B0D7}.Release|Any CPU.Build.0 = Release|Any CPU
	EndGlobalSection
	GlobalSection(SolutionProperties) = preSolution
		HideSolutionNode = FALSE
	EndGlobalSection
	GlobalSection(ExtensibilityGlobals) = postSolution
		SolutionGuid = {95AF2DA2-4C68-4503-9AF6-662D6D185E02}
	EndGlobalSection
EndGlobal
